<?xml version="1.0" encoding="utf-8"?>
<Project ToolsVersion="4.0" xmlns="http://schemas.microsoft.com/developer/msbuild/2003">
  <ItemGroup>
    <None Include="$([MSBUILD]::NormalizePath($(MyTopLevelDirectory), 'icon.png'))" />
    <None Include="$([MSBUILD]::NormalizePath($(MyTopLevelDirectory), 'LICENSE'))" />
    <None Include="$(_ProjectReadmePath)" />
  </ItemGroup>
  <ItemGroup>
    <ClCompile Include="AssemblyInfo.cpp" />
    <ClCompile Include="EngineRunner.cpp" />
    <ClCompile Include="RenderThreadContext.cpp" />
    <ClCompile Include="UiThreadDispatcher.cpp" />
    <ClCompile Include="EditorModule\EditorCompositor.cpp">
      <Filter>EditorModule</Filter>
    </ClCompile>
    <ClCompile Include="EditorModule\EditorView.cpp">
      <Filter>EditorModule</Filter>
    </ClCompile>
    <ClCompile Include="EditorModule\EditorModule.cpp">
      <Filter>EditorModule</Filter>
    </ClCompile>
    <ClCompile Include="EditorModule\NodeRegistry.cpp">
      <Filter>EditorModule</Filter>
    </ClCompile>
    <ClCompile Include="EditorModule\RenderGraph.cpp">
      <Filter>EditorModule</Filter>
    </ClCompile>
    <ClCompile Include="EditorModule\ViewManager.cpp">
      <Filter>EditorModule</Filter>
    </ClCompile>
    <ClCompile Include="EditorModule\ViewRenderer.cpp">
      <Filter>EditorModule</Filter>
    </ClCompile>
    <ClCompile Include="World\OxygenWorld.cpp">
      <Filter>World</Filter>
    </ClCompile>
    <ClCompile Include="World\CommandFactory.cpp">
      <Filter>World</Filter>
    </ClCompile>
  </ItemGroup>
  <ItemGroup>
    <ClInclude Include="Base\LoguruWrapper.h">
      <Filter>Base</Filter>
    </ClInclude>
    <ClInclude Include="Commands\SceneCommands.h">
      <Filter>Commands</Filter>
    </ClInclude>
    <ClInclude Include="Commands\CreateSceneNodeCommand.h">
      <Filter>Commands</Filter>
    </ClInclude>
    <ClInclude Include="Commands\RemoveSceneNodeCommand.h">
      <Filter>Commands</Filter>
    </ClInclude>
    <ClInclude Include="Commands\RenameSceneNodeCommand.h">
      <Filter>Commands</Filter>
    </ClInclude>
    <ClInclude Include="Commands\SetLocalTransformCommand.h">
      <Filter>Commands</Filter>
    </ClInclude>
    <ClInclude Include="Commands\CreateBasicMeshCommand.h">
      <Filter>Commands</Filter>
    </ClInclude>
    <ClInclude Include="Commands\SetVisibilityCommand.h">
      <Filter>Commands</Filter>
    </ClInclude>
    <ClInclude Include="Commands\ReparentSceneNodeCommand.h">
      <Filter>Commands</Filter>
    </ClInclude>
    <ClInclude Include="Commands\UpdateTransformsForNodesCommand.h">
      <Filter>Commands</Filter>
    </ClInclude>
    <ClInclude Include="EngineRunner.h" />
    <ClInclude Include="EngineContext.h" />
    <ClInclude Include="Config.h" />
    <ClInclude Include="RenderThreadContext.h" />
    <ClInclude Include="UiThreadDispatcher.h" />
    <ClInclude Include="EditorModule\EditorModule.h">
      <Filter>EditorModule</Filter>
    </ClInclude>
    <ClInclude Include="EditorModule\EditorCommand.h">
      <Filter>EditorModule</Filter>
    </ClInclude>
    <ClInclude Include="EditorModule\NodeRegistry.h">
      <Filter>EditorModule</Filter>
    </ClInclude>
    <ClInclude Include="EditorModule\RenderGraph.h">
      <Filter>EditorModule</Filter>
    </ClInclude>
    <ClInclude Include="World\OxygenWorld.h">
      <Filter>World</Filter>
    </ClInclude>
    <ClInclude Include="EditorModule\SurfaceRegistry.h">
      <Filter>EditorModule</Filter>
    </ClInclude>
    <ClInclude Include="Views\ViewIdManaged.h">
      <Filter>Views</Filter>
    </ClInclude>
    <ClInclude Include="EditorModule\ThreadSafeQueue.h">
      <Filter>EditorModule</Filter>
    </ClInclude>
  </ItemGroup>
  <ItemGroup>
    <Filter Include="EditorModule">
      <UniqueIdentifier>{d9b7b4f4-9a1c-4d2c-96ae-123456789abc}</UniqueIdentifier>
    </Filter>
  </ItemGroup>
  <ItemGroup>
    <Filter Include="World">
      <UniqueIdentifier>{7722c63e-a5e7-450d-b97b-aa52bc8a891b}</UniqueIdentifier>
    </Filter>
    <Filter Include="Views">
      <UniqueIdentifier>{E3F1B8C3-9A41-4D3D-9B45-BC0D5A1D2E7F}</UniqueIdentifier>
    </Filter>
    <Filter Include="Base">
      <UniqueIdentifier>{3187e374-ea51-469d-8e36-92d80e02fc13}</UniqueIdentifier>
    </Filter>
    <Filter Include="Commands">
      <UniqueIdentifier>{8a9b2c3d-4e5f-6071-8293-a4b5c6d7e8f9}</UniqueIdentifier>
    </Filter>
  </ItemGroup>
</Project>
